
Microsoft Visual Studio Solution File, Format Version 12.00
# Visual Studio 2013
VisualStudioVersion = 12.0.31101.0
MinimumVisualStudioVersion = 10.0.40219.1
Project("{FAE04EC0-301F-11D3-BF4B-00C04F79EFBC}") = "PitchTrax", "PitchTrax\PitchTrax.csproj", "{C846FBD7-E4C5-47B8-8A53-C16419C5A85C}"
EndProject
Project("{FAE04EC0-301F-11D3-BF4B-00C04F79EFBC}") = "Statistics", "Statistics\Statistics.csproj", "{3C5FDA82-813B-454B-8975-07F7D4C8FA57}"
EndProject
Project("{FAE04EC0-301F-11D3-BF4B-00C04F79EFBC}") = "StatisticsTests", "StatisticsTests\StatisticsTests.csproj", "{B47BAD17-A978-4CB2-BB1F-D32520E222BC}"
EndProject
Project("{FAE04EC0-301F-11D3-BF4B-00C04F79EFBC}") = "PitchTraxDataAccessUnitTests", "PitchTraxDataAccessUnitTests\PitchTraxDataAccessUnitTests.csproj", "{4101F795-C91A-4412-BD4B-359F1371BFFD}"
EndProject
Global
	GlobalSection(SolutionConfigurationPlatforms) = preSolution
		Debug|Any CPU = Debug|Any CPU
		Debug|ARM = Debug|ARM
		Debug|x64 = Debug|x64
		Debug|x86 = Debug|x86
		Release|Any CPU = Release|Any CPU
		Release|ARM = Release|ARM
		Release|x64 = Release|x64
		Release|x86 = Release|x86
	EndGlobalSection
	GlobalSection(ProjectConfigurationPlatforms) = postSolution
		{C846FBD7-E4C5-47B8-8A53-C16419C5A85C}.Debug|Any CPU.ActiveCfg = Debug|x86
		{C846FBD7-E4C5-47B8-8A53-C16419C5A85C}.Debug|Any CPU.Build.0 = Debug|x86
		{C846FBD7-E4C5-47B8-8A53-C16419C5A85C}.Debug|Any CPU.Deploy.0 = Debug|x86
		{C846FBD7-E4C5-47B8-8A53-C16419C5A85C}.Debug|ARM.ActiveCfg = Debug|ARM
		{C846FBD7-E4C5-47B8-8A53-C16419C5A85C}.Debug|ARM.Build.0 = Debug|ARM
		{C846FBD7-E4C5-47B8-8A53-C16419C5A85C}.Debug|ARM.Deploy.0 = Debug|ARM
		{C846FBD7-E4C5-47B8-8A53-C16419C5A85C}.Debug|x64.ActiveCfg = Debug|x64
		{C846FBD7-E4C5-47B8-8A53-C16419C5A85C}.Debug|x64.Build.0 = Debug|x64
		{C846FBD7-E4C5-47B8-8A53-C16419C5A85C}.Debug|x64.Deploy.0 = Debug|x64
		{C846FBD7-E4C5-47B8-8A53-C16419C5A85C}.Debug|x86.ActiveCfg = Debug|x86
		{C846FBD7-E4C5-47B8-8A53-C16419C5A85C}.Debug|x86.Build.0 = Debug|x86
		{C846FBD7-E4C5-47B8-8A53-C16419C5A85C}.Debug|x86.Deploy.0 = Debug|x86
		{C846FBD7-E4C5-47B8-8A53-C16419C5A85C}.Release|Any CPU.ActiveCfg = Release|Any CPU
		{C846FBD7-E4C5-47B8-8A53-C16419C5A85C}.Release|Any CPU.Build.0 = Release|Any CPU
		{C846FBD7-E4C5-47B8-8A53-C16419C5A85C}.Release|Any CPU.Deploy.0 = Release|Any CPU
		{C846FBD7-E4C5-47B8-8A53-C16419C5A85C}.Release|ARM.ActiveCfg = Release|ARM
		{C846FBD7-E4C5-47B8-8A53-C16419C5A85C}.Release|ARM.Build.0 = Release|ARM
		{C846FBD7-E4C5-47B8-8A53-C16419C5A85C}.Release|ARM.Deploy.0 = Release|ARM
		{C846FBD7-E4C5-47B8-8A53-C16419C5A85C}.Release|x64.ActiveCfg = Release|x64
		{C846FBD7-E4C5-47B8-8A53-C16419C5A85C}.Release|x64.Build.0 = Release|x64
		{C846FBD7-E4C5-47B8-8A53-C16419C5A85C}.Release|x64.Deploy.0 = Release|x64
		{C846FBD7-E4C5-47B8-8A53-C16419C5A85C}.Release|x86.ActiveCfg = Release|x86
		{C846FBD7-E4C5-47B8-8A53-C16419C5A85C}.Release|x86.Build.0 = Release|x86
		{C846FBD7-E4C5-47B8-8A53-C16419C5A85C}.Release|x86.Deploy.0 = Release|x86
		{3C5FDA82-813B-454B-8975-07F7D4C8FA57}.Debug|Any CPU.ActiveCfg = Debug|Any CPU
		{3C5FDA82-813B-454B-8975-07F7D4C8FA57}.Debug|Any CPU.Build.0 = Debug|Any CPU
		{3C5FDA82-813B-454B-8975-07F7D4C8FA57}.Debug|ARM.ActiveCfg = Debug|Any CPU
		{3C5FDA82-813B-454B-8975-07F7D4C8FA57}.Debug|x64.ActiveCfg = Debug|Any CPU
		{3C5FDA82-813B-454B-8975-07F7D4C8FA57}.Debug|x86.ActiveCfg = Debug|Any CPU
		{3C5FDA82-813B-454B-8975-07F7D4C8FA57}.Release|Any CPU.ActiveCfg = Release|Any CPU
		{3C5FDA82-813B-454B-8975-07F7D4C8FA57}.Release|Any CPU.Build.0 = Release|Any CPU
		{3C5FDA82-813B-454B-8975-07F7D4C8FA57}.Release|ARM.ActiveCfg = Release|Any CPU
		{3C5FDA82-813B-454B-8975-07F7D4C8FA57}.Release|x64.ActiveCfg = Release|Any CPU
		{3C5FDA82-813B-454B-8975-07F7D4C8FA57}.Release|x86.ActiveCfg = Release|Any CPU
		{B47BAD17-A978-4CB2-BB1F-D32520E222BC}.Debug|Any CPU.ActiveCfg = Debug|Any CPU
		{B47BAD17-A978-4CB2-BB1F-D32520E222BC}.Debug|Any CPU.Build.0 = Debug|Any CPU
		{B47BAD17-A978-4CB2-BB1F-D32520E222BC}.Debug|ARM.ActiveCfg = Debug|Any CPU
		{B47BAD17-A978-4CB2-BB1F-D32520E222BC}.Debug|x64.ActiveCfg = Debug|Any CPU
		{B47BAD17-A978-4CB2-BB1F-D32520E222BC}.Debug|x86.ActiveCfg = Debug|Any CPU
		{B47BAD17-A978-4CB2-BB1F-D32520E222BC}.Release|Any CPU.ActiveCfg = Release|Any CPU
		{B47BAD17-A978-4CB2-BB1F-D32520E222BC}.Release|Any CPU.Build.0 = Release|Any CPU
		{B47BAD17-A978-4CB2-BB1F-D32520E222BC}.Release|ARM.ActiveCfg = Release|Any CPU
		{B47BAD17-A978-4CB2-BB1F-D32520E222BC}.Release|x64.ActiveCfg = Release|Any CPU
		{B47BAD17-A978-4CB2-BB1F-D32520E222BC}.Release|x86.ActiveCfg = Release|Any CPU
		{4101F795-C91A-4412-BD4B-359F1371BFFD}.Debug|Any CPU.ActiveCfg = Debug|Any CPU
		{4101F795-C91A-4412-BD4B-359F1371BFFD}.Debug|Any CPU.Build.0 = Debug|Any CPU
		{4101F795-C91A-4412-BD4B-359F1371BFFD}.Debug|Any CPU.Deploy.0 = Debug|Any CPU
		{4101F795-C91A-4412-BD4B-359F1371BFFD}.Debug|ARM.ActiveCfg = Debug|ARM
		{4101F795-C91A-4412-BD4B-359F1371BFFD}.Debug|ARM.Build.0 = Debug|ARM
		{4101F795-C91A-4412-BD4B-359F1371BFFD}.Debug|ARM.Deploy.0 = Debug|ARM
		{4101F795-C91A-4412-BD4B-359F1371BFFD}.Debug|x64.ActiveCfg = Debug|x64
		{4101F795-C91A-4412-BD4B-359F1371BFFD}.Debug|x64.Build.0 = Debug|x64
		{4101F795-C91A-4412-BD4B-359F1371BFFD}.Debug|x64.Deploy.0 = Debug|x64
		{4101F795-C91A-4412-BD4B-359F1371BFFD}.Debug|x86.ActiveCfg = Debug|x86
		{4101F795-C91A-4412-BD4B-359F1371BFFD}.Debug|x86.Build.0 = Debug|x86
		{4101F795-C91A-4412-BD4B-359F1371BFFD}.Debug|x86.Deploy.0 = Debug|x86
		{4101F795-C91A-4412-BD4B-359F1371BFFD}.Release|Any CPU.ActiveCfg = Release|Any CPU
		{4101F795-C91A-4412-BD4B-359F1371BFFD}.Release|Any CPU.Build.0 = Release|Any CPU
		{4101F795-C91A-4412-BD4B-359F1371BFFD}.Release|Any CPU.Deploy.0 = Release|Any CPU
		{4101F795-C91A-4412-BD4B-359F1371BFFD}.Release|ARM.ActiveCfg = Release|ARM
		{4101F795-C91A-4412-BD4B-359F1371BFFD}.Release|ARM.Build.0 = Release|ARM
		{4101F795-C91A-4412-BD4B-359F1371BFFD}.Release|ARM.Deploy.0 = Release|ARM
		{4101F795-C91A-4412-BD4B-359F1371BFFD}.Release|x64.ActiveCfg = Release|x64
		{4101F795-C91A-4412-BD4B-359F1371BFFD}.Release|x64.Build.0 = Release|x64
		{4101F795-C91A-4412-BD4B-359F1371BFFD}.Release|x64.Deploy.0 = Release|x64
		{4101F795-C91A-4412-BD4B-359F1371BFFD}.Release|x86.ActiveCfg = Release|x86
		{4101F795-C91A-4412-BD4B-359F1371BFFD}.Release|x86.Build.0 = Release|x86
		{4101F795-C91A-4412-BD4B-359F1371BFFD}.Release|x86.Deploy.0 = Release|x86
	EndGlobalSection
	GlobalSection(SolutionProperties) = preSolution
		HideSolutionNode = FALSE
	EndGlobalSection
EndGlobal
