
Microsoft Visual Studio Solution File, Format Version 12.00
# Visual Studio 2013
VisualStudioVersion = 12.0.31101.0
MinimumVisualStudioVersion = 10.0.40219.1
Project("{FAE04EC0-301F-11D3-BF4B-00C04F79EFBC}") = "PitchTrax", "PitchTrax\PitchTrax.csproj", "{C846FBD7-E4C5-47B8-8A53-C16419C5A85C}"
EndProject
Project("{FAE04EC0-301F-11D3-BF4B-00C04F79EFBC}") = "Controllers", "Controllers\Controllers.csproj", "{EBCCCD27-15E6-4858-A060-68F33A83357F}"
EndProject
Project("{FAE04EC0-301F-11D3-BF4B-00C04F79EFBC}") = "DB", "DB\DB.csproj", "{E74DFB33-8830-48D4-AB74-3C7CAD9B2E9F}"
EndProject
Project("{FAE04EC0-301F-11D3-BF4B-00C04F79EFBC}") = "PitchTraxUnitTests", "PitchTraxUnitTests\PitchTraxUnitTests.csproj", "{ED556E6B-319E-41EC-8F2A-7EA63E4E4F12}"
EndProject
Global
	GlobalSection(SolutionConfigurationPlatforms) = preSolution
		Debug|Any CPU = Debug|Any CPU
		Debug|ARM = Debug|ARM
		Debug|x64 = Debug|x64
		Debug|x86 = Debug|x86
		Release|Any CPU = Release|Any CPU
		Release|ARM = Release|ARM
		Release|x64 = Release|x64
		Release|x86 = Release|x86
	EndGlobalSection
	GlobalSection(ProjectConfigurationPlatforms) = postSolution
		{C846FBD7-E4C5-47B8-8A53-C16419C5A85C}.Debug|Any CPU.ActiveCfg = Debug|Any CPU
		{C846FBD7-E4C5-47B8-8A53-C16419C5A85C}.Debug|Any CPU.Build.0 = Debug|Any CPU
		{C846FBD7-E4C5-47B8-8A53-C16419C5A85C}.Debug|Any CPU.Deploy.0 = Debug|Any CPU
		{C846FBD7-E4C5-47B8-8A53-C16419C5A85C}.Debug|ARM.ActiveCfg = Debug|ARM
		{C846FBD7-E4C5-47B8-8A53-C16419C5A85C}.Debug|ARM.Build.0 = Debug|ARM
		{C846FBD7-E4C5-47B8-8A53-C16419C5A85C}.Debug|ARM.Deploy.0 = Debug|ARM
		{C846FBD7-E4C5-47B8-8A53-C16419C5A85C}.Debug|x64.ActiveCfg = Debug|x64
		{C846FBD7-E4C5-47B8-8A53-C16419C5A85C}.Debug|x64.Build.0 = Debug|x64
		{C846FBD7-E4C5-47B8-8A53-C16419C5A85C}.Debug|x64.Deploy.0 = Debug|x64
		{C846FBD7-E4C5-47B8-8A53-C16419C5A85C}.Debug|x86.ActiveCfg = Debug|x86
		{C846FBD7-E4C5-47B8-8A53-C16419C5A85C}.Debug|x86.Build.0 = Debug|x86
		{C846FBD7-E4C5-47B8-8A53-C16419C5A85C}.Debug|x86.Deploy.0 = Debug|x86
		{C846FBD7-E4C5-47B8-8A53-C16419C5A85C}.Release|Any CPU.ActiveCfg = Release|Any CPU
		{C846FBD7-E4C5-47B8-8A53-C16419C5A85C}.Release|Any CPU.Build.0 = Release|Any CPU
		{C846FBD7-E4C5-47B8-8A53-C16419C5A85C}.Release|Any CPU.Deploy.0 = Release|Any CPU
		{C846FBD7-E4C5-47B8-8A53-C16419C5A85C}.Release|ARM.ActiveCfg = Release|ARM
		{C846FBD7-E4C5-47B8-8A53-C16419C5A85C}.Release|ARM.Build.0 = Release|ARM
		{C846FBD7-E4C5-47B8-8A53-C16419C5A85C}.Release|ARM.Deploy.0 = Release|ARM
		{C846FBD7-E4C5-47B8-8A53-C16419C5A85C}.Release|x64.ActiveCfg = Release|x64
		{C846FBD7-E4C5-47B8-8A53-C16419C5A85C}.Release|x64.Build.0 = Release|x64
		{C846FBD7-E4C5-47B8-8A53-C16419C5A85C}.Release|x64.Deploy.0 = Release|x64
		{C846FBD7-E4C5-47B8-8A53-C16419C5A85C}.Release|x86.ActiveCfg = Release|x86
		{C846FBD7-E4C5-47B8-8A53-C16419C5A85C}.Release|x86.Build.0 = Release|x86
		{C846FBD7-E4C5-47B8-8A53-C16419C5A85C}.Release|x86.Deploy.0 = Release|x86
		{EBCCCD27-15E6-4858-A060-68F33A83357F}.Debug|Any CPU.ActiveCfg = Debug|Any CPU
		{EBCCCD27-15E6-4858-A060-68F33A83357F}.Debug|Any CPU.Build.0 = Debug|Any CPU
		{EBCCCD27-15E6-4858-A060-68F33A83357F}.Debug|ARM.ActiveCfg = Debug|Any CPU
		{EBCCCD27-15E6-4858-A060-68F33A83357F}.Debug|x64.ActiveCfg = Debug|Any CPU
		{EBCCCD27-15E6-4858-A060-68F33A83357F}.Debug|x86.ActiveCfg = Debug|Any CPU
		{EBCCCD27-15E6-4858-A060-68F33A83357F}.Release|Any CPU.ActiveCfg = Release|Any CPU
		{EBCCCD27-15E6-4858-A060-68F33A83357F}.Release|Any CPU.Build.0 = Release|Any CPU
		{EBCCCD27-15E6-4858-A060-68F33A83357F}.Release|ARM.ActiveCfg = Release|Any CPU
		{EBCCCD27-15E6-4858-A060-68F33A83357F}.Release|x64.ActiveCfg = Release|Any CPU
		{EBCCCD27-15E6-4858-A060-68F33A83357F}.Release|x86.ActiveCfg = Release|Any CPU
		{E74DFB33-8830-48D4-AB74-3C7CAD9B2E9F}.Debug|Any CPU.ActiveCfg = Debug|Any CPU
		{E74DFB33-8830-48D4-AB74-3C7CAD9B2E9F}.Debug|Any CPU.Build.0 = Debug|Any CPU
		{E74DFB33-8830-48D4-AB74-3C7CAD9B2E9F}.Debug|ARM.ActiveCfg = Debug|Any CPU
		{E74DFB33-8830-48D4-AB74-3C7CAD9B2E9F}.Debug|x64.ActiveCfg = Debug|Any CPU
		{E74DFB33-8830-48D4-AB74-3C7CAD9B2E9F}.Debug|x86.ActiveCfg = Debug|Any CPU
		{E74DFB33-8830-48D4-AB74-3C7CAD9B2E9F}.Release|Any CPU.ActiveCfg = Release|Any CPU
		{E74DFB33-8830-48D4-AB74-3C7CAD9B2E9F}.Release|Any CPU.Build.0 = Release|Any CPU
		{E74DFB33-8830-48D4-AB74-3C7CAD9B2E9F}.Release|ARM.ActiveCfg = Release|Any CPU
		{E74DFB33-8830-48D4-AB74-3C7CAD9B2E9F}.Release|x64.ActiveCfg = Release|Any CPU
		{E74DFB33-8830-48D4-AB74-3C7CAD9B2E9F}.Release|x86.ActiveCfg = Release|Any CPU
		{ED556E6B-319E-41EC-8F2A-7EA63E4E4F12}.Debug|Any CPU.ActiveCfg = Debug|Any CPU
		{ED556E6B-319E-41EC-8F2A-7EA63E4E4F12}.Debug|Any CPU.Build.0 = Debug|Any CPU
		{ED556E6B-319E-41EC-8F2A-7EA63E4E4F12}.Debug|ARM.ActiveCfg = Debug|Any CPU
		{ED556E6B-319E-41EC-8F2A-7EA63E4E4F12}.Debug|x64.ActiveCfg = Debug|Any CPU
		{ED556E6B-319E-41EC-8F2A-7EA63E4E4F12}.Debug|x86.ActiveCfg = Debug|Any CPU
		{ED556E6B-319E-41EC-8F2A-7EA63E4E4F12}.Release|Any CPU.ActiveCfg = Release|Any CPU
		{ED556E6B-319E-41EC-8F2A-7EA63E4E4F12}.Release|Any CPU.Build.0 = Release|Any CPU
		{ED556E6B-319E-41EC-8F2A-7EA63E4E4F12}.Release|ARM.ActiveCfg = Release|Any CPU
		{ED556E6B-319E-41EC-8F2A-7EA63E4E4F12}.Release|x64.ActiveCfg = Release|Any CPU
		{ED556E6B-319E-41EC-8F2A-7EA63E4E4F12}.Release|x86.ActiveCfg = Release|Any CPU
	EndGlobalSection
	GlobalSection(SolutionProperties) = preSolution
		HideSolutionNode = FALSE
	EndGlobalSection
EndGlobal
