
Microsoft Visual Studio Solution File, Format Version 12.00
# Visual Studio 2013
VisualStudioVersion = 12.0.31101.0
MinimumVisualStudioVersion = 10.0.40219.1
Project("{FAE04EC0-301F-11D3-BF4B-00C04F79EFBC}") = "Controllers", "..\Controllers\Controllers.csproj", "{EBCCCD27-15E6-4858-A060-68F33A83357F}"
EndProject
Project("{FAE04EC0-301F-11D3-BF4B-00C04F79EFBC}") = "DB", "..\DB\DB.csproj", "{52B7E7B7-59C6-4E9E-BD36-D6AE49A260B8}"
EndProject
Global
	GlobalSection(SolutionConfigurationPlatforms) = preSolution
		Debug|Any CPU = Debug|Any CPU
		Debug|ARM = Debug|ARM
		Debug|x64 = Debug|x64
		Debug|x86 = Debug|x86
		Release|Any CPU = Release|Any CPU
		Release|ARM = Release|ARM
		Release|x64 = Release|x64
		Release|x86 = Release|x86
	EndGlobalSection
	GlobalSection(ProjectConfigurationPlatforms) = postSolution
		{EBCCCD27-15E6-4858-A060-68F33A83357F}.Debug|Any CPU.ActiveCfg = Debug|Any CPU
		{EBCCCD27-15E6-4858-A060-68F33A83357F}.Debug|Any CPU.Build.0 = Debug|Any CPU
		{EBCCCD27-15E6-4858-A060-68F33A83357F}.Debug|ARM.ActiveCfg = Debug|Any CPU
		{EBCCCD27-15E6-4858-A060-68F33A83357F}.Debug|x64.ActiveCfg = Debug|Any CPU
		{EBCCCD27-15E6-4858-A060-68F33A83357F}.Debug|x86.ActiveCfg = Debug|Any CPU
		{EBCCCD27-15E6-4858-A060-68F33A83357F}.Release|Any CPU.ActiveCfg = Release|Any CPU
		{EBCCCD27-15E6-4858-A060-68F33A83357F}.Release|Any CPU.Build.0 = Release|Any CPU
		{EBCCCD27-15E6-4858-A060-68F33A83357F}.Release|ARM.ActiveCfg = Release|Any CPU
		{EBCCCD27-15E6-4858-A060-68F33A83357F}.Release|x64.ActiveCfg = Release|Any CPU
		{EBCCCD27-15E6-4858-A060-68F33A83357F}.Release|x86.ActiveCfg = Release|Any CPU
		{52B7E7B7-59C6-4E9E-BD36-D6AE49A260B8}.Debug|Any CPU.ActiveCfg = Debug|Any CPU
		{52B7E7B7-59C6-4E9E-BD36-D6AE49A260B8}.Debug|Any CPU.Build.0 = Debug|Any CPU
		{52B7E7B7-59C6-4E9E-BD36-D6AE49A260B8}.Debug|ARM.ActiveCfg = Debug|Any CPU
		{52B7E7B7-59C6-4E9E-BD36-D6AE49A260B8}.Debug|x64.ActiveCfg = Debug|Any CPU
		{52B7E7B7-59C6-4E9E-BD36-D6AE49A260B8}.Debug|x86.ActiveCfg = Debug|Any CPU
		{52B7E7B7-59C6-4E9E-BD36-D6AE49A260B8}.Release|Any CPU.ActiveCfg = Release|Any CPU
		{52B7E7B7-59C6-4E9E-BD36-D6AE49A260B8}.Release|Any CPU.Build.0 = Release|Any CPU
		{52B7E7B7-59C6-4E9E-BD36-D6AE49A260B8}.Release|ARM.ActiveCfg = Release|Any CPU
		{52B7E7B7-59C6-4E9E-BD36-D6AE49A260B8}.Release|x64.ActiveCfg = Release|Any CPU
		{52B7E7B7-59C6-4E9E-BD36-D6AE49A260B8}.Release|x86.ActiveCfg = Release|Any CPU
	EndGlobalSection
	GlobalSection(SolutionProperties) = preSolution
		HideSolutionNode = FALSE
	EndGlobalSection
EndGlobal
